// !$*UTF8*$!
{
	archiveVersion = 1;
	classes = {
	};
	objectVersion = 55;
	objects = {

/* Begin PBXBuildFile section */
		B039E6122885C4D700607FCA /* GoogleDataProvider.swift in Sources */ = {isa = PBXBuildFile; fileRef = B039E6112885C4D700607FCA /* GoogleDataProvider.swift */; };
		B039E61D2885C80000607FCA /* CLLocationCoordinate+Extensions.swift in Sources */ = {isa = PBXBuildFile; fileRef = B039E61B2885C80000607FCA /* CLLocationCoordinate+Extensions.swift */; };
		B039E61E2885C80000607FCA /* UIImageView+Extension.swift in Sources */ = {isa = PBXBuildFile; fileRef = B039E61C2885C80000607FCA /* UIImageView+Extension.swift */; };
		B0929C862886AF23001AC7E6 /* PlaceListTableViewCell.xib in Resources */ = {isa = PBXBuildFile; fileRef = B0929C852886AF23001AC7E6 /* PlaceListTableViewCell.xib */; };
		B0929C882886AF51001AC7E6 /* PlaceListTableViewCell.swift in Sources */ = {isa = PBXBuildFile; fileRef = B0929C872886AF51001AC7E6 /* PlaceListTableViewCell.swift */; };
		B0929C8A2886B0AF001AC7E6 /* PlacesViewController.swift in Sources */ = {isa = PBXBuildFile; fileRef = B0929C892886B0AF001AC7E6 /* PlacesViewController.swift */; };
		B0929C8C2887E204001AC7E6 /* GoogleServicesManager.swift in Sources */ = {isa = PBXBuildFile; fileRef = B0929C8B2887E204001AC7E6 /* GoogleServicesManager.swift */; };
		B0BAB84B28771155006963EC /* AppDelegate.swift in Sources */ = {isa = PBXBuildFile; fileRef = B0BAB84A28771155006963EC /* AppDelegate.swift */; };
		B0BAB84D28771155006963EC /* SceneDelegate.swift in Sources */ = {isa = PBXBuildFile; fileRef = B0BAB84C28771155006963EC /* SceneDelegate.swift */; };
		B0BAB84F28771155006963EC /* MapViewController.swift in Sources */ = {isa = PBXBuildFile; fileRef = B0BAB84E28771155006963EC /* MapViewController.swift */; };
		B0BAB85228771155006963EC /* Main.storyboard in Resources */ = {isa = PBXBuildFile; fileRef = B0BAB85028771155006963EC /* Main.storyboard */; };
		B0BAB85428771157006963EC /* Assets.xcassets in Resources */ = {isa = PBXBuildFile; fileRef = B0BAB85328771157006963EC /* Assets.xcassets */; };
		B0BAB85728771157006963EC /* LaunchScreen.storyboard in Resources */ = {isa = PBXBuildFile; fileRef = B0BAB85528771157006963EC /* LaunchScreen.storyboard */; };
		B0CA5DFC28783EB0001C562C /* Pods_Places.framework in Frameworks */ = {isa = PBXBuildFile; fileRef = 5D1A2D9EA3B88DB9EA27076E /* Pods_Places.framework */; };
		B0E1AB84287DB24C000A1C0F /* UIView+Extensions.swift in Sources */ = {isa = PBXBuildFile; fileRef = B0E1AB83287DB24C000A1C0F /* UIView+Extensions.swift */; };
		B0E1ABB6287EFAD9000A1C0F /* PlaceMarker.swift in Sources */ = {isa = PBXBuildFile; fileRef = B0E1ABB5287EFAD9000A1C0F /* PlaceMarker.swift */; };
		B0E1ABB8287EFBAF000A1C0F /* MarkerView.swift in Sources */ = {isa = PBXBuildFile; fileRef = B0E1ABB7287EFBAF000A1C0F /* MarkerView.swift */; };
		B0E1ABBA287EFC18000A1C0F /* MarkerView.xib in Resources */ = {isa = PBXBuildFile; fileRef = B0E1ABB9287EFC18000A1C0F /* MarkerView.xib */; };
		B0EB217F28782B0C0046658C /* GooglePlace.swift in Sources */ = {isa = PBXBuildFile; fileRef = B0EB217E28782B0C0046658C /* GooglePlace.swift */; };
		B0F0EDBA2888319F007BE220 /* LocationManager.swift in Sources */ = {isa = PBXBuildFile; fileRef = B0F0EDB92888319F007BE220 /* LocationManager.swift */; };
/* End PBXBuildFile section */

/* Begin PBXFileReference section */
		5D1A2D9EA3B88DB9EA27076E /* Pods_Places.framework */ = {isa = PBXFileReference; explicitFileType = wrapper.framework; includeInIndex = 0; path = Pods_Places.framework; sourceTree = BUILT_PRODUCTS_DIR; };
		A3F0F971F67D1AD72815F323 /* Pods-Places.release.xcconfig */ = {isa = PBXFileReference; includeInIndex = 1; lastKnownFileType = text.xcconfig; name = "Pods-Places.release.xcconfig"; path = "Target Support Files/Pods-Places/Pods-Places.release.xcconfig"; sourceTree = "<group>"; };
		B039E6112885C4D700607FCA /* GoogleDataProvider.swift */ = {isa = PBXFileReference; fileEncoding = 4; lastKnownFileType = sourcecode.swift; path = GoogleDataProvider.swift; sourceTree = "<group>"; };
		B039E61B2885C80000607FCA /* CLLocationCoordinate+Extensions.swift */ = {isa = PBXFileReference; fileEncoding = 4; lastKnownFileType = sourcecode.swift; path = "CLLocationCoordinate+Extensions.swift"; sourceTree = "<group>"; };
		B039E61C2885C80000607FCA /* UIImageView+Extension.swift */ = {isa = PBXFileReference; fileEncoding = 4; lastKnownFileType = sourcecode.swift; path = "UIImageView+Extension.swift"; sourceTree = "<group>"; };
		B0929C852886AF23001AC7E6 /* PlaceListTableViewCell.xib */ = {isa = PBXFileReference; fileEncoding = 4; lastKnownFileType = file.xib; path = PlaceListTableViewCell.xib; sourceTree = "<group>"; };
		B0929C872886AF51001AC7E6 /* PlaceListTableViewCell.swift */ = {isa = PBXFileReference; fileEncoding = 4; lastKnownFileType = sourcecode.swift; path = PlaceListTableViewCell.swift; sourceTree = "<group>"; };
		B0929C892886B0AF001AC7E6 /* PlacesViewController.swift */ = {isa = PBXFileReference; lastKnownFileType = sourcecode.swift; path = PlacesViewController.swift; sourceTree = "<group>"; };
		B0929C8B2887E204001AC7E6 /* GoogleServicesManager.swift */ = {isa = PBXFileReference; lastKnownFileType = sourcecode.swift; path = GoogleServicesManager.swift; sourceTree = "<group>"; };
		B0BAB84728771155006963EC /* Places.app */ = {isa = PBXFileReference; explicitFileType = wrapper.application; includeInIndex = 0; path = Places.app; sourceTree = BUILT_PRODUCTS_DIR; };
		B0BAB84A28771155006963EC /* AppDelegate.swift */ = {isa = PBXFileReference; lastKnownFileType = sourcecode.swift; path = AppDelegate.swift; sourceTree = "<group>"; };
		B0BAB84C28771155006963EC /* SceneDelegate.swift */ = {isa = PBXFileReference; lastKnownFileType = sourcecode.swift; path = SceneDelegate.swift; sourceTree = "<group>"; };
		B0BAB84E28771155006963EC /* MapViewController.swift */ = {isa = PBXFileReference; lastKnownFileType = sourcecode.swift; path = MapViewController.swift; sourceTree = "<group>"; };
		B0BAB85128771155006963EC /* Base */ = {isa = PBXFileReference; lastKnownFileType = file.storyboard; name = Base; path = Base.lproj/Main.storyboard; sourceTree = "<group>"; };
		B0BAB85328771157006963EC /* Assets.xcassets */ = {isa = PBXFileReference; lastKnownFileType = folder.assetcatalog; path = Assets.xcassets; sourceTree = "<group>"; };
		B0BAB85628771157006963EC /* Base */ = {isa = PBXFileReference; lastKnownFileType = file.storyboard; name = Base; path = Base.lproj/LaunchScreen.storyboard; sourceTree = "<group>"; };
		B0BAB85828771157006963EC /* Info.plist */ = {isa = PBXFileReference; lastKnownFileType = text.plist.xml; path = Info.plist; sourceTree = "<group>"; };
		B0E1AB83287DB24C000A1C0F /* UIView+Extensions.swift */ = {isa = PBXFileReference; lastKnownFileType = sourcecode.swift; path = "UIView+Extensions.swift"; sourceTree = "<group>"; };
		B0E1ABB5287EFAD9000A1C0F /* PlaceMarker.swift */ = {isa = PBXFileReference; lastKnownFileType = sourcecode.swift; path = PlaceMarker.swift; sourceTree = "<group>"; };
		B0E1ABB7287EFBAF000A1C0F /* MarkerView.swift */ = {isa = PBXFileReference; lastKnownFileType = sourcecode.swift; path = MarkerView.swift; sourceTree = "<group>"; };
		B0E1ABB9287EFC18000A1C0F /* MarkerView.xib */ = {isa = PBXFileReference; lastKnownFileType = file.xib; path = MarkerView.xib; sourceTree = "<group>"; };
		B0EB217E28782B0C0046658C /* GooglePlace.swift */ = {isa = PBXFileReference; lastKnownFileType = sourcecode.swift; path = GooglePlace.swift; sourceTree = "<group>"; };
		B0F0EDB92888319F007BE220 /* LocationManager.swift */ = {isa = PBXFileReference; lastKnownFileType = sourcecode.swift; path = LocationManager.swift; sourceTree = "<group>"; };
		C1D974112AF10D5506629C96 /* Pods-Places.debug.xcconfig */ = {isa = PBXFileReference; includeInIndex = 1; lastKnownFileType = text.xcconfig; name = "Pods-Places.debug.xcconfig"; path = "Target Support Files/Pods-Places/Pods-Places.debug.xcconfig"; sourceTree = "<group>"; };
/* End PBXFileReference section */

/* Begin PBXFrameworksBuildPhase section */
		B0BAB84428771155006963EC /* Frameworks */ = {
			isa = PBXFrameworksBuildPhase;
			buildActionMask = 2147483647;
			files = (
				B0CA5DFC28783EB0001C562C /* Pods_Places.framework in Frameworks */,
			);
			runOnlyForDeploymentPostprocessing = 0;
		};
/* End PBXFrameworksBuildPhase section */

/* Begin PBXGroup section */
		5A957781D3DDC703C952348A /* Pods */ = {
			isa = PBXGroup;
			children = (
				C1D974112AF10D5506629C96 /* Pods-Places.debug.xcconfig */,
				A3F0F971F67D1AD72815F323 /* Pods-Places.release.xcconfig */,
			);
			path = Pods;
			sourceTree = "<group>";
		};
		B039E6132885C4E400607FCA /* App */ = {
			isa = PBXGroup;
			children = (
				B0BAB84A28771155006963EC /* AppDelegate.swift */,
				B0BAB84C28771155006963EC /* SceneDelegate.swift */,
			);
			path = App;
			sourceTree = "<group>";
		};
		B0BAB83E28771155006963EC = {
			isa = PBXGroup;
			children = (
				B0BAB84928771155006963EC /* Places */,
				B0BAB84828771155006963EC /* Products */,
				5A957781D3DDC703C952348A /* Pods */,
				CC9F4D94751937B8FEAA85F9 /* Frameworks */,
			);
			sourceTree = "<group>";
		};
		B0BAB84828771155006963EC /* Products */ = {
			isa = PBXGroup;
			children = (
				B0BAB84728771155006963EC /* Places.app */,
			);
			name = Products;
			sourceTree = "<group>";
		};
		B0BAB84928771155006963EC /* Places */ = {
			isa = PBXGroup;
			children = (
				B039E6132885C4E400607FCA /* App */,
				B0C4687628853FC80088BCA6 /* Serveces */,
				B0CA5E0128785F6D001C562C /* Models */,
				B0CA5E0228785F80001C562C /* Controllers */,
				B0CA5E0328785F94001C562C /* Views */,
				B0E1AB82287DB22A000A1C0F /* Extensions */,
				B0BAB85328771157006963EC /* Assets.xcassets */,
				B0BAB85528771157006963EC /* LaunchScreen.storyboard */,
				B0BAB85828771157006963EC /* Info.plist */,
			);
			path = Places;
			sourceTree = "<group>";
		};
		B0C4687628853FC80088BCA6 /* Serveces */ = {
			isa = PBXGroup;
			children = (
				B039E6112885C4D700607FCA /* GoogleDataProvider.swift */,
				B0F0EDB92888319F007BE220 /* LocationManager.swift */,
				B0929C8B2887E204001AC7E6 /* GoogleServicesManager.swift */,
			);
			path = Serveces;
			sourceTree = "<group>";
		};
		B0CA5E0128785F6D001C562C /* Models */ = {
			isa = PBXGroup;
			children = (
				B0EB217E28782B0C0046658C /* GooglePlace.swift */,
				B0E1ABB5287EFAD9000A1C0F /* PlaceMarker.swift */,
			);
			path = Models;
			sourceTree = "<group>";
		};
		B0CA5E0228785F80001C562C /* Controllers */ = {
			isa = PBXGroup;
			children = (
				B0BAB84E28771155006963EC /* MapViewController.swift */,
				B0929C892886B0AF001AC7E6 /* PlacesViewController.swift */,
				B0929C872886AF51001AC7E6 /* PlaceListTableViewCell.swift */,
			);
			path = Controllers;
			sourceTree = "<group>";
		};
		B0CA5E0328785F94001C562C /* Views */ = {
			isa = PBXGroup;
			children = (
				B0BAB85028771155006963EC /* Main.storyboard */,
				B0929C852886AF23001AC7E6 /* PlaceListTableViewCell.xib */,
				B0E1ABB7287EFBAF000A1C0F /* MarkerView.swift */,
				B0E1ABB9287EFC18000A1C0F /* MarkerView.xib */,
			);
			path = Views;
			sourceTree = "<group>";
		};
		B0E1AB82287DB22A000A1C0F /* Extensions */ = {
			isa = PBXGroup;
			children = (
				B0E1AB83287DB24C000A1C0F /* UIView+Extensions.swift */,
				B039E61C2885C80000607FCA /* UIImageView+Extension.swift */,
				B039E61B2885C80000607FCA /* CLLocationCoordinate+Extensions.swift */,
			);
			path = Extensions;
			sourceTree = "<group>";
		};
		CC9F4D94751937B8FEAA85F9 /* Frameworks */ = {
			isa = PBXGroup;
			children = (
				5D1A2D9EA3B88DB9EA27076E /* Pods_Places.framework */,
			);
			name = Frameworks;
			sourceTree = "<group>";
		};
/* End PBXGroup section */

/* Begin PBXNativeTarget section */
		B0BAB84628771155006963EC /* Places */ = {
			isa = PBXNativeTarget;
			buildConfigurationList = B0BAB85B28771157006963EC /* Build configuration list for PBXNativeTarget "Places" */;
			buildPhases = (
				12E5E46C4CC57C056D54220B /* [CP] Check Pods Manifest.lock */,
				B0BAB84328771155006963EC /* Sources */,
				B0BAB84428771155006963EC /* Frameworks */,
				B0BAB84528771155006963EC /* Resources */,
				E22FE165CFE076B386DA7635 /* [CP] Copy Pods Resources */,
			);
			buildRules = (
			);
			dependencies = (
			);
			name = Places;
			productName = Places;
			productReference = B0BAB84728771155006963EC /* Places.app */;
			productType = "com.apple.product-type.application";
		};
/* End PBXNativeTarget section */

/* Begin PBXProject section */
		B0BAB83F28771155006963EC /* Project object */ = {
			isa = PBXProject;
			attributes = {
				BuildIndependentTargetsInParallel = 1;
				LastSwiftUpdateCheck = 1330;
				LastUpgradeCheck = 1330;
				TargetAttributes = {
					B0BAB84628771155006963EC = {
						CreatedOnToolsVersion = 13.3;
					};
				};
			};
			buildConfigurationList = B0BAB84228771155006963EC /* Build configuration list for PBXProject "Places" */;
			compatibilityVersion = "Xcode 13.0";
			developmentRegion = en;
			hasScannedForEncodings = 0;
			knownRegions = (
				en,
				Base,
			);
			mainGroup = B0BAB83E28771155006963EC;
			productRefGroup = B0BAB84828771155006963EC /* Products */;
			projectDirPath = "";
			projectRoot = "";
			targets = (
				B0BAB84628771155006963EC /* Places */,
			);
		};
/* End PBXProject section */

/* Begin PBXResourcesBuildPhase section */
		B0BAB84528771155006963EC /* Resources */ = {
			isa = PBXResourcesBuildPhase;
			buildActionMask = 2147483647;
			files = (
				B0E1ABBA287EFC18000A1C0F /* MarkerView.xib in Resources */,
				B0BAB85728771157006963EC /* LaunchScreen.storyboard in Resources */,
				B0BAB85428771157006963EC /* Assets.xcassets in Resources */,
				B0929C862886AF23001AC7E6 /* PlaceListTableViewCell.xib in Resources */,
				B0BAB85228771155006963EC /* Main.storyboard in Resources */,
			);
			runOnlyForDeploymentPostprocessing = 0;
		};
/* End PBXResourcesBuildPhase section */

/* Begin PBXShellScriptBuildPhase section */
		12E5E46C4CC57C056D54220B /* [CP] Check Pods Manifest.lock */ = {
			isa = PBXShellScriptBuildPhase;
			buildActionMask = 2147483647;
			files = (
			);
			inputFileListPaths = (
			);
			inputPaths = (
				"${PODS_PODFILE_DIR_PATH}/Podfile.lock",
				"${PODS_ROOT}/Manifest.lock",
			);
			name = "[CP] Check Pods Manifest.lock";
			outputFileListPaths = (
			);
			outputPaths = (
				"$(DERIVED_FILE_DIR)/Pods-Places-checkManifestLockResult.txt",
			);
			runOnlyForDeploymentPostprocessing = 0;
			shellPath = /bin/sh;
			shellScript = "diff \"${PODS_PODFILE_DIR_PATH}/Podfile.lock\" \"${PODS_ROOT}/Manifest.lock\" > /dev/null\nif [ $? != 0 ] ; then\n    # print error to STDERR\n    echo \"error: The sandbox is not in sync with the Podfile.lock. Run 'pod install' or update your CocoaPods installation.\" >&2\n    exit 1\nfi\n# This output is used by Xcode 'outputs' to avoid re-running this script phase.\necho \"SUCCESS\" > \"${SCRIPT_OUTPUT_FILE_0}\"\n";
			showEnvVarsInLog = 0;
		};
		E22FE165CFE076B386DA7635 /* [CP] Copy Pods Resources */ = {
			isa = PBXShellScriptBuildPhase;
			buildActionMask = 2147483647;
			files = (
			);
			inputFileListPaths = (
				"${PODS_ROOT}/Target Support Files/Pods-Places/Pods-Places-resources-${CONFIGURATION}-input-files.xcfilelist",
			);
			name = "[CP] Copy Pods Resources";
			outputFileListPaths = (
				"${PODS_ROOT}/Target Support Files/Pods-Places/Pods-Places-resources-${CONFIGURATION}-output-files.xcfilelist",
			);
			runOnlyForDeploymentPostprocessing = 0;
			shellPath = /bin/sh;
			shellScript = "\"${PODS_ROOT}/Target Support Files/Pods-Places/Pods-Places-resources.sh\"\n";
			showEnvVarsInLog = 0;
		};
/* End PBXShellScriptBuildPhase section */

/* Begin PBXSourcesBuildPhase section */
		B0BAB84328771155006963EC /* Sources */ = {
			isa = PBXSourcesBuildPhase;
			buildActionMask = 2147483647;
			files = (
				B039E6122885C4D700607FCA /* GoogleDataProvider.swift in Sources */,
				B0BAB84F28771155006963EC /* MapViewController.swift in Sources */,
				B039E61E2885C80000607FCA /* UIImageView+Extension.swift in Sources */,
				B0E1ABB6287EFAD9000A1C0F /* PlaceMarker.swift in Sources */,
				B039E61D2885C80000607FCA /* CLLocationCoordinate+Extensions.swift in Sources */,
				B0E1ABB8287EFBAF000A1C0F /* MarkerView.swift in Sources */,
				B0929C882886AF51001AC7E6 /* PlaceListTableViewCell.swift in Sources */,
				B0929C8A2886B0AF001AC7E6 /* PlacesViewController.swift in Sources */,
				B0BAB84B28771155006963EC /* AppDelegate.swift in Sources */,
				B0EB217F28782B0C0046658C /* GooglePlace.swift in Sources */,
				B0F0EDBA2888319F007BE220 /* LocationManager.swift in Sources */,
				B0BAB84D28771155006963EC /* SceneDelegate.swift in Sources */,
				B0929C8C2887E204001AC7E6 /* GoogleServicesManager.swift in Sources */,
				B0E1AB84287DB24C000A1C0F /* UIView+Extensions.swift in Sources */,
			);
			runOnlyForDeploymentPostprocessing = 0;
		};
/* End PBXSourcesBuildPhase section */

/* Begin PBXVariantGroup section */
		B0BAB85028771155006963EC /* Main.storyboard */ = {
			isa = PBXVariantGroup;
			children = (
				B0BAB85128771155006963EC /* Base */,
			);
			name = Main.storyboard;
			sourceTree = "<group>";
		};
		B0BAB85528771157006963EC /* LaunchScreen.storyboard */ = {
			isa = PBXVariantGroup;
			children = (
				B0BAB85628771157006963EC /* Base */,
			);
			name = LaunchScreen.storyboard;
			sourceTree = "<group>";
		};
/* End PBXVariantGroup section */

/* Begin XCBuildConfiguration section */
		B0BAB85928771157006963EC /* Debug */ = {
			isa = XCBuildConfiguration;
			buildSettings = {
				ALWAYS_SEARCH_USER_PATHS = NO;
				CLANG_ANALYZER_NONNULL = YES;
				CLANG_ANALYZER_NUMBER_OBJECT_CONVERSION = YES_AGGRESSIVE;
				CLANG_CXX_LANGUAGE_STANDARD = "gnu++17";
				CLANG_ENABLE_MODULES = YES;
				CLANG_ENABLE_OBJC_ARC = YES;
				CLANG_ENABLE_OBJC_WEAK = YES;
				CLANG_WARN_BLOCK_CAPTURE_AUTORELEASING = YES;
				CLANG_WARN_BOOL_CONVERSION = YES;
				CLANG_WARN_COMMA = YES;
				CLANG_WARN_CONSTANT_CONVERSION = YES;
				CLANG_WARN_DEPRECATED_OBJC_IMPLEMENTATIONS = YES;
				CLANG_WARN_DIRECT_OBJC_ISA_USAGE = YES_ERROR;
				CLANG_WARN_DOCUMENTATION_COMMENTS = YES;
				CLANG_WARN_EMPTY_BODY = YES;
				CLANG_WARN_ENUM_CONVERSION = YES;
				CLANG_WARN_INFINITE_RECURSION = YES;
				CLANG_WARN_INT_CONVERSION = YES;
				CLANG_WARN_NON_LITERAL_NULL_CONVERSION = YES;
				CLANG_WARN_OBJC_IMPLICIT_RETAIN_SELF = YES;
				CLANG_WARN_OBJC_LITERAL_CONVERSION = YES;
				CLANG_WARN_OBJC_ROOT_CLASS = YES_ERROR;
				CLANG_WARN_QUOTED_INCLUDE_IN_FRAMEWORK_HEADER = YES;
				CLANG_WARN_RANGE_LOOP_ANALYSIS = YES;
				CLANG_WARN_STRICT_PROTOTYPES = YES;
				CLANG_WARN_SUSPICIOUS_MOVE = YES;
				CLANG_WARN_UNGUARDED_AVAILABILITY = YES_AGGRESSIVE;
				CLANG_WARN_UNREACHABLE_CODE = YES;
				CLANG_WARN__DUPLICATE_METHOD_MATCH = YES;
				COPY_PHASE_STRIP = NO;
				DEBUG_INFORMATION_FORMAT = dwarf;
				ENABLE_STRICT_OBJC_MSGSEND = YES;
				ENABLE_TESTABILITY = YES;
				"EXCLUDED_ARCHS[sdk=iphonesimulator*]" = arm64;
				GCC_C_LANGUAGE_STANDARD = gnu11;
				GCC_DYNAMIC_NO_PIC = NO;
				GCC_NO_COMMON_BLOCKS = YES;
				GCC_OPTIMIZATION_LEVEL = 0;
				GCC_PREPROCESSOR_DEFINITIONS = (
					"DEBUG=1",
					"$(inherited)",
				);
				GCC_WARN_64_TO_32_BIT_CONVERSION = YES;
				GCC_WARN_ABOUT_RETURN_TYPE = YES_ERROR;
				GCC_WARN_UNDECLARED_SELECTOR = YES;
				GCC_WARN_UNINITIALIZED_AUTOS = YES_AGGRESSIVE;
				GCC_WARN_UNUSED_FUNCTION = YES;
				GCC_WARN_UNUSED_VARIABLE = YES;
				IPHONEOS_DEPLOYMENT_TARGET = 15.4;
				MTL_ENABLE_DEBUG_INFO = INCLUDE_SOURCE;
				MTL_FAST_MATH = YES;
				ONLY_ACTIVE_ARCH = YES;
				SDKROOT = iphoneos;
				SWIFT_ACTIVE_COMPILATION_CONDITIONS = DEBUG;
				SWIFT_OPTIMIZATION_LEVEL = "-Onone";
			};
			name = Debug;
		};
		B0BAB85A28771157006963EC /* Release */ = {
			isa = XCBuildConfiguration;
			buildSettings = {
				ALWAYS_SEARCH_USER_PATHS = NO;
				CLANG_ANALYZER_NONNULL = YES;
				CLANG_ANALYZER_NUMBER_OBJECT_CONVERSION = YES_AGGRESSIVE;
				CLANG_CXX_LANGUAGE_STANDARD = "gnu++17";
				CLANG_ENABLE_MODULES = YES;
				CLANG_ENABLE_OBJC_ARC = YES;
				CLANG_ENABLE_OBJC_WEAK = YES;
				CLANG_WARN_BLOCK_CAPTURE_AUTORELEASING = YES;
				CLANG_WARN_BOOL_CONVERSION = YES;
				CLANG_WARN_COMMA = YES;
				CLANG_WARN_CONSTANT_CONVERSION = YES;
				CLANG_WARN_DEPRECATED_OBJC_IMPLEMENTATIONS = YES;
				CLANG_WARN_DIRECT_OBJC_ISA_USAGE = YES_ERROR;
				CLANG_WARN_DOCUMENTATION_COMMENTS = YES;
				CLANG_WARN_EMPTY_BODY = YES;
				CLANG_WARN_ENUM_CONVERSION = YES;
				CLANG_WARN_INFINITE_RECURSION = YES;
				CLANG_WARN_INT_CONVERSION = YES;
				CLANG_WARN_NON_LITERAL_NULL_CONVERSION = YES;
				CLANG_WARN_OBJC_IMPLICIT_RETAIN_SELF = YES;
				CLANG_WARN_OBJC_LITERAL_CONVERSION = YES;
				CLANG_WARN_OBJC_ROOT_CLASS = YES_ERROR;
				CLANG_WARN_QUOTED_INCLUDE_IN_FRAMEWORK_HEADER = YES;
				CLANG_WARN_RANGE_LOOP_ANALYSIS = YES;
				CLANG_WARN_STRICT_PROTOTYPES = YES;
				CLANG_WARN_SUSPICIOUS_MOVE = YES;
				CLANG_WARN_UNGUARDED_AVAILABILITY = YES_AGGRESSIVE;
				CLANG_WARN_UNREACHABLE_CODE = YES;
				CLANG_WARN__DUPLICATE_METHOD_MATCH = YES;
				COPY_PHASE_STRIP = NO;
				DEBUG_INFORMATION_FORMAT = "dwarf-with-dsym";
				ENABLE_NS_ASSERTIONS = NO;
				ENABLE_STRICT_OBJC_MSGSEND = YES;
				"EXCLUDED_ARCHS[sdk=iphonesimulator*]" = arm64;
				GCC_C_LANGUAGE_STANDARD = gnu11;
				GCC_NO_COMMON_BLOCKS = YES;
				GCC_WARN_64_TO_32_BIT_CONVERSION = YES;
				GCC_WARN_ABOUT_RETURN_TYPE = YES_ERROR;
				GCC_WARN_UNDECLARED_SELECTOR = YES;
				GCC_WARN_UNINITIALIZED_AUTOS = YES_AGGRESSIVE;
				GCC_WARN_UNUSED_FUNCTION = YES;
				GCC_WARN_UNUSED_VARIABLE = YES;
				IPHONEOS_DEPLOYMENT_TARGET = 15.4;
				MTL_ENABLE_DEBUG_INFO = NO;
				MTL_FAST_MATH = YES;
				SDKROOT = iphoneos;
				SWIFT_COMPILATION_MODE = wholemodule;
				SWIFT_OPTIMIZATION_LEVEL = "-O";
				VALIDATE_PRODUCT = YES;
			};
			name = Release;
		};
		B0BAB85C28771157006963EC /* Debug */ = {
			isa = XCBuildConfiguration;
			baseConfigurationReference = C1D974112AF10D5506629C96 /* Pods-Places.debug.xcconfig */;
			buildSettings = {
				ASSETCATALOG_COMPILER_APPICON_NAME = AppIcon;
				ASSETCATALOG_COMPILER_GLOBAL_ACCENT_COLOR_NAME = AccentColor;
				CODE_SIGN_STYLE = Automatic;
				CURRENT_PROJECT_VERSION = 1;
				DEVELOPMENT_TEAM = X358X4364S;
				EXCLUDED_ARCHS = "";
				"EXCLUDED_ARCHS[sdk=iphonesimulator*]" = arm64;
				GENERATE_INFOPLIST_FILE = YES;
				INFOPLIST_FILE = Places/Info.plist;
				INFOPLIST_KEY_UIApplicationSupportsIndirectInputEvents = YES;
				INFOPLIST_KEY_UILaunchStoryboardName = LaunchScreen;
				INFOPLIST_KEY_UIMainStoryboardFile = Main;
				INFOPLIST_KEY_UISupportedInterfaceOrientations_iPad = "UIInterfaceOrientationPortrait UIInterfaceOrientationPortraitUpsideDown UIInterfaceOrientationLandscapeLeft UIInterfaceOrientationLandscapeRight";
				INFOPLIST_KEY_UISupportedInterfaceOrientations_iPhone = "UIInterfaceOrientationPortrait UIInterfaceOrientationLandscapeLeft UIInterfaceOrientationLandscapeRight";
				LD_RUNPATH_SEARCH_PATHS = (
					"$(inherited)",
					"@executable_path/Frameworks",
				);
				MARKETING_VERSION = 1.0;
				ONLY_ACTIVE_ARCH = YES;
				PRODUCT_BUNDLE_IDENTIFIER = "Oleksandr-Kachkin.Places";
				PRODUCT_NAME = "$(TARGET_NAME)";
				SWIFT_EMIT_LOC_STRINGS = YES;
				SWIFT_VERSION = 5.0;
				TARGETED_DEVICE_FAMILY = "1,2";
				VALIDATE_WORKSPACE = NO;
			};
			name = Debug;
		};
		B0BAB85D28771157006963EC /* Release */ = {
			isa = XCBuildConfiguration;
			baseConfigurationReference = A3F0F971F67D1AD72815F323 /* Pods-Places.release.xcconfig */;
			buildSettings = {
				ASSETCATALOG_COMPILER_APPICON_NAME = AppIcon;
				ASSETCATALOG_COMPILER_GLOBAL_ACCENT_COLOR_NAME = AccentColor;
				CODE_SIGN_STYLE = Automatic;
				CURRENT_PROJECT_VERSION = 1;
				DEVELOPMENT_TEAM = X358X4364S;
				GENERATE_INFOPLIST_FILE = YES;
				INFOPLIST_FILE = Places/Info.plist;
				INFOPLIST_KEY_UIApplicationSupportsIndirectInputEvents = YES;
				INFOPLIST_KEY_UILaunchStoryboardName = LaunchScreen;
				INFOPLIST_KEY_UIMainStoryboardFile = Main;
				INFOPLIST_KEY_UISupportedInterfaceOrientations_iPad = "UIInterfaceOrientationPortrait UIInterfaceOrientationPortraitUpsideDown UIInterfaceOrientationLandscapeLeft UIInterfaceOrientationLandscapeRight";
				INFOPLIST_KEY_UISupportedInterfaceOrientations_iPhone = "UIInterfaceOrientationPortrait UIInterfaceOrientationLandscapeLeft UIInterfaceOrientationLandscapeRight";
				LD_RUNPATH_SEARCH_PATHS = (
					"$(inherited)",
					"@executable_path/Frameworks",
				);
				MARKETING_VERSION = 1.0;
				ONLY_ACTIVE_ARCH = YES;
				PRODUCT_BUNDLE_IDENTIFIER = "Oleksandr-Kachkin.Places";
				PRODUCT_NAME = "$(TARGET_NAME)";
				SWIFT_EMIT_LOC_STRINGS = YES;
				SWIFT_VERSION = 5.0;
				TARGETED_DEVICE_FAMILY = "1,2";
				VALIDATE_WORKSPACE = NO;
			};
			name = Release;
		};
/* End XCBuildConfiguration section */

/* Begin XCConfigurationList section */
		B0BAB84228771155006963EC /* Build configuration list for PBXProject "Places" */ = {
			isa = XCConfigurationList;
			buildConfigurations = (
				B0BAB85928771157006963EC /* Debug */,
				B0BAB85A28771157006963EC /* Release */,
			);
			defaultConfigurationIsVisible = 0;
			defaultConfigurationName = Release;
		};
		B0BAB85B28771157006963EC /* Build configuration list for PBXNativeTarget "Places" */ = {
			isa = XCConfigurationList;
			buildConfigurations = (
				B0BAB85C28771157006963EC /* Debug */,
				B0BAB85D28771157006963EC /* Release */,
			);
			defaultConfigurationIsVisible = 0;
			defaultConfigurationName = Release;
		};
/* End XCConfigurationList section */
	};
	rootObject = B0BAB83F28771155006963EC /* Project object */;
}
